{
	"name": "advent-of-code-2022",
	"version": "1.0.0",
	"lockfileVersion": 2,
	"requires": true,
	"packages": {
		"": {
			"name": "advent-of-code-2022",
			"version": "1.0.0",
			"license": "MIT",
			"dependencies": {
				"typescript": "^4.9.3"
			},
			"devDependencies": {
				"@types/node": "^16.11.11",
				"prettier": "^2.5.1"
			}
		},
		"node_modules/@types/node": {
			"version": "16.18.4",
			"resolved": "https://registry.npmjs.org/@types/node/-/node-16.18.4.tgz",
			"integrity": "sha512-9qGjJ5GyShZjUfx2ArBIGM+xExdfLvvaCyQR0t6yRXKPcWCVYF/WemtX/uIU3r7FYECXRXkIiw2Vnhn6y8d+pw==",
			"dev": true,
			"license": "MIT"
		},
		"node_modules/prettier": {
			"version": "2.8.0",
			"resolved": "https://registry.npmjs.org/prettier/-/prettier-2.8.0.tgz",
			"integrity": "sha512-9Lmg8hTFZKG0Asr/kW9Bp8tJjRVluO8EJQVfY2T7FMw9T5jy4I/Uvx0Rca/XWf50QQ1/SS48+6IJWnrb+2yemA==",
			"dev": true,
			"license": "MIT",
			"bin": {
				"prettier": "bin-prettier.js"
			},
			"engines": {
				"node": ">=10.13.0"
			},
			"funding": {
				"url": "https://github.com/prettier/prettier?sponsor=1"
			}
		},
		"node_modules/typescript": {
			"version": "4.9.5",
			"license": "Apache-2.0",
			"bin": {
				"tsc": "bin/tsc",
				"tsserver": "bin/tsserver"
			},
			"engines": {
				"node": ">=4.2.0"
			}
		}
	},
	"dependencies": {
		"@types/node": {
			"version": "16.18.4",
			"resolved": "https://registry.npmjs.org/@types/node/-/node-16.18.4.tgz",
			"integrity": "sha512-9qGjJ5GyShZjUfx2ArBIGM+xExdfLvvaCyQR0t6yRXKPcWCVYF/WemtX/uIU3r7FYECXRXkIiw2Vnhn6y8d+pw==",
			"dev": true
		},
		"prettier": {
			"version": "2.8.0",
			"resolved": "https://registry.npmjs.org/prettier/-/prettier-2.8.0.tgz",
			"integrity": "sha512-9Lmg8hTFZKG0Asr/kW9Bp8tJjRVluO8EJQVfY2T7FMw9T5jy4I/Uvx0Rca/XWf50QQ1/SS48+6IJWnrb+2yemA==",
			"dev": true
		},
		"typescript": {
			"version": "4.9.5"
		}
	}
}
